
Microsoft Visual Studio Solution File, Format Version 12.00
# Visual Studio Version 17
VisualStudioVersion = 17.14.36301.6
MinimumVisualStudioVersion = 10.0.40219.1
Project("{FAE04EC0-301F-11D3-BF4B-00C04F79EFBC}") = "EventHub", "EventHub\EventHub.csproj", "{FE09F01D-604B-4DF4-8472-CDA9B681C260}"
EndProject
Global
	GlobalSection(SolutionConfigurationPlatforms) = preSolution
		Debug|Any CPU = Debug|Any CPU
		Release|Any CPU = Release|Any CPU
	EndGlobalSection
	GlobalSection(ProjectConfigurationPlatforms) = postSolution
		{FE09F01D-604B-4DF4-8472-CDA9B681C260}.Debug|Any CPU.ActiveCfg = Debug|Any CPU
		{FE09F01D-604B-4DF4-8472-CDA9B681C260}.Debug|Any CPU.Build.0 = Debug|Any CPU
		{FE09F01D-604B-4DF4-8472-CDA9B681C260}.Release|Any CPU.ActiveCfg = Release|Any CPU
		{FE09F01D-604B-4DF4-8472-CDA9B681C260}.Release|Any CPU.Build.0 = Release|Any CPU
	EndGlobalSection
	GlobalSection(SolutionProperties) = preSolution
		HideSolutionNode = FALSE
	EndGlobalSection
	GlobalSection(ExtensibilityGlobals) = postSolution
		SolutionGuid = {EFDCC881-4AFD-49E5-AE32-05CEBE250F9F}
	EndGlobalSection
EndGlobal
